
Microsoft Visual Studio Solution File, Format Version 12.00
# Visual Studio Version 16
VisualStudioVersion = 16.0.29306.81
MinimumVisualStudioVersion = 10.0.40219.1
Project("{FAE04EC0-301F-11D3-BF4B-00C04F79EFBC}") = "UserRestApi", "UserRestApi\UserRestApi.csproj", "{3A7EA112-71F4-4ACA-93D9-B5B118B58034}"
EndProject
Project("{FAE04EC0-301F-11D3-BF4B-00C04F79EFBC}") = "Login_Middleware", "Login_Middleware\Login_Middleware.csproj", "{4E5D6909-867B-4FA6-8A6E-919CC7D07F10}"
EndProject
Project("{FAE04EC0-301F-11D3-BF4B-00C04F79EFBC}") = "LoginClient", "LoginClient\LoginClient.csproj", "{537F4603-415E-4862-B2D1-285E3C418993}"
EndProject
Global
	GlobalSection(SolutionConfigurationPlatforms) = preSolution
		Debug|Any CPU = Debug|Any CPU
		Release|Any CPU = Release|Any CPU
	EndGlobalSection
	GlobalSection(ProjectConfigurationPlatforms) = postSolution
		{3A7EA112-71F4-4ACA-93D9-B5B118B58034}.Debug|Any CPU.ActiveCfg = Debug|Any CPU
		{3A7EA112-71F4-4ACA-93D9-B5B118B58034}.Debug|Any CPU.Build.0 = Debug|Any CPU
		{3A7EA112-71F4-4ACA-93D9-B5B118B58034}.Release|Any CPU.ActiveCfg = Release|Any CPU
		{3A7EA112-71F4-4ACA-93D9-B5B118B58034}.Release|Any CPU.Build.0 = Release|Any CPU
		{4E5D6909-867B-4FA6-8A6E-919CC7D07F10}.Debug|Any CPU.ActiveCfg = Debug|Any CPU
		{4E5D6909-867B-4FA6-8A6E-919CC7D07F10}.Debug|Any CPU.Build.0 = Debug|Any CPU
		{4E5D6909-867B-4FA6-8A6E-919CC7D07F10}.Release|Any CPU.ActiveCfg = Release|Any CPU
		{4E5D6909-867B-4FA6-8A6E-919CC7D07F10}.Release|Any CPU.Build.0 = Release|Any CPU
		{537F4603-415E-4862-B2D1-285E3C418993}.Debug|Any CPU.ActiveCfg = Debug|Any CPU
		{537F4603-415E-4862-B2D1-285E3C418993}.Debug|Any CPU.Build.0 = Debug|Any CPU
		{537F4603-415E-4862-B2D1-285E3C418993}.Release|Any CPU.ActiveCfg = Release|Any CPU
		{537F4603-415E-4862-B2D1-285E3C418993}.Release|Any CPU.Build.0 = Release|Any CPU
	EndGlobalSection
	GlobalSection(SolutionProperties) = preSolution
		HideSolutionNode = FALSE
	EndGlobalSection
	GlobalSection(ExtensibilityGlobals) = postSolution
		SolutionGuid = {8D5A8F3D-7C40-4079-B8D8-E0A6E12578D8}
	EndGlobalSection
EndGlobal
